lockfile_version: '1'
generated_at: '2026-05-11T18:54:07.017205+00:00'
apm_version: 0.12.4
dependencies:
- repo_url: danielmeppiel/genesis
  host: github.com
  resolved_commit: 7895e70362d2b87510b7e4765b05c4f42a12093c
  virtual_path: skills/genesis
  is_virtual: true
  package_type: claude_skill
  deployed_files:
  - .agents/skills/genesis
  content_hash: sha256:2fd036770146a1f0da12bed3dfc772a825a01fc9a22003cb58cb3f33a1247550
