lockfile_version: '1'
generated_at: '2026-05-11T18:54:07.017205+00:00'
apm_version: 0.12.4
dependencies:
- repo_url: danielmeppiel/genesis
  host: github.com
  resolved_commit: 16a5027d6cdc23c0fd9df21f65e21fa0f681d722
  package_type: skill_bundle
  deployed_files:
  - .agents/skills/genesis
  content_hash: sha256:4f28e525c755aa538ed7aabd8e69cdd14c62c57b19cbfc37ddca5b0707f34730
