lockfile_version: '1'
generated_at: '2026-06-15T23:10:39.560000+00:00'
apm_version: 0.15.0
dependencies:
- repo_url: danielmeppiel/genesis
  host: github.com
  resolved_commit: 18e73c35e5cefaf431fbe4e080e8f125ebfece33
  virtual_path: skills/genesis
  is_virtual: true
  package_type: claude_skill
  deployed_files:
  - .agents/skills/genesis
  content_hash: sha256:56d0bc50fc92bca28618f717dfc8b5b8467d69967f7d2eab2c08f414f142feb3
